
Microsoft Visual Studio Solution File, Format Version 12.00
# Visual Studio Version 16
VisualStudioVersion = 16.0.30225.117
MinimumVisualStudioVersion = 10.0.40219.1
Project("{FAE04EC0-301F-11D3-BF4B-00C04F79EFBC}") = "Notat.UWP", "Notat\Notat.UWP\Notat.UWP.csproj", "{FDD11D33-1878-4388-B540-1039C72FF42D}"
EndProject
Project("{FAE04EC0-301F-11D3-BF4B-00C04F79EFBC}") = "Notat.Android", "Notat\Notat.Android\Notat.Android.csproj", "{4EDD6A8C-C3E7-4EBA-A8F3-863389706634}"
EndProject
Project("{FAE04EC0-301F-11D3-BF4B-00C04F79EFBC}") = "Notat.iOS", "Notat\Notat.iOS\Notat.iOS.csproj", "{C9ABA617-9087-4773-B370-87E24D6F7D20}"
EndProject
Project("{9A19103F-16F7-4668-BE54-9A1E7A4F7556}") = "Notat", "Notat\Notat\Notat.csproj", "{3139AFB0-882C-4836-85A5-6F44D07EEE36}"
EndProject
Project("{2150E333-8FDC-42A3-9474-1A3956D46DE8}") = "Solution Items", "Solution Items", "{A0FDAA1C-9849-4AC3-B8F1-9F8B7F4FB8CC}"
	ProjectSection(SolutionItems) = preProject
		.editorconfig = .editorconfig
	EndProjectSection
EndProject
Project("{FAE04EC0-301F-11D3-BF4B-00C04F79EFBC}") = "Notat.WPF", "Notat\Notat.WPF\Notat.WPF.csproj", "{0D486B63-F4A6-4B79-A92C-88C17DC1F85D}"
EndProject
Global
	GlobalSection(SolutionConfigurationPlatforms) = preSolution
		Debug|Any CPU = Debug|Any CPU
		Debug|ARM = Debug|ARM
		Debug|iPhone = Debug|iPhone
		Debug|iPhoneSimulator = Debug|iPhoneSimulator
		Debug|x64 = Debug|x64
		Debug|x86 = Debug|x86
		Release|Any CPU = Release|Any CPU
		Release|ARM = Release|ARM
		Release|iPhone = Release|iPhone
		Release|iPhoneSimulator = Release|iPhoneSimulator
		Release|x64 = Release|x64
		Release|x86 = Release|x86
	EndGlobalSection
	GlobalSection(ProjectConfigurationPlatforms) = postSolution
		{FDD11D33-1878-4388-B540-1039C72FF42D}.Debug|Any CPU.ActiveCfg = Debug|x86
		{FDD11D33-1878-4388-B540-1039C72FF42D}.Debug|Any CPU.Build.0 = Debug|x86
		{FDD11D33-1878-4388-B540-1039C72FF42D}.Debug|Any CPU.Deploy.0 = Debug|x86
		{FDD11D33-1878-4388-B540-1039C72FF42D}.Debug|ARM.ActiveCfg = Debug|ARM
		{FDD11D33-1878-4388-B540-1039C72FF42D}.Debug|ARM.Build.0 = Debug|ARM
		{FDD11D33-1878-4388-B540-1039C72FF42D}.Debug|ARM.Deploy.0 = Debug|ARM
		{FDD11D33-1878-4388-B540-1039C72FF42D}.Debug|iPhone.ActiveCfg = Debug|x86
		{FDD11D33-1878-4388-B540-1039C72FF42D}.Debug|iPhone.Build.0 = Debug|x86
		{FDD11D33-1878-4388-B540-1039C72FF42D}.Debug|iPhone.Deploy.0 = Debug|x86
		{FDD11D33-1878-4388-B540-1039C72FF42D}.Debug|iPhoneSimulator.ActiveCfg = Debug|x86
		{FDD11D33-1878-4388-B540-1039C72FF42D}.Debug|iPhoneSimulator.Build.0 = Debug|x86
		{FDD11D33-1878-4388-B540-1039C72FF42D}.Debug|iPhoneSimulator.Deploy.0 = Debug|x86
		{FDD11D33-1878-4388-B540-1039C72FF42D}.Debug|x64.ActiveCfg = Debug|x64
		{FDD11D33-1878-4388-B540-1039C72FF42D}.Debug|x64.Build.0 = Debug|x64
		{FDD11D33-1878-4388-B540-1039C72FF42D}.Debug|x64.Deploy.0 = Debug|x64
		{FDD11D33-1878-4388-B540-1039C72FF42D}.Debug|x86.ActiveCfg = Debug|x86
		{FDD11D33-1878-4388-B540-1039C72FF42D}.Debug|x86.Build.0 = Debug|x86
		{FDD11D33-1878-4388-B540-1039C72FF42D}.Debug|x86.Deploy.0 = Debug|x86
		{FDD11D33-1878-4388-B540-1039C72FF42D}.Release|Any CPU.ActiveCfg = Release|x86
		{FDD11D33-1878-4388-B540-1039C72FF42D}.Release|Any CPU.Build.0 = Release|x86
		{FDD11D33-1878-4388-B540-1039C72FF42D}.Release|Any CPU.Deploy.0 = Release|x86
		{FDD11D33-1878-4388-B540-1039C72FF42D}.Release|ARM.ActiveCfg = Release|ARM
		{FDD11D33-1878-4388-B540-1039C72FF42D}.Release|ARM.Build.0 = Release|ARM
		{FDD11D33-1878-4388-B540-1039C72FF42D}.Release|ARM.Deploy.0 = Release|ARM
		{FDD11D33-1878-4388-B540-1039C72FF42D}.Release|iPhone.ActiveCfg = Release|x86
		{FDD11D33-1878-4388-B540-1039C72FF42D}.Release|iPhone.Build.0 = Release|x86
		{FDD11D33-1878-4388-B540-1039C72FF42D}.Release|iPhone.Deploy.0 = Release|x86
		{FDD11D33-1878-4388-B540-1039C72FF42D}.Release|iPhoneSimulator.ActiveCfg = Release|x86
		{FDD11D33-1878-4388-B540-1039C72FF42D}.Release|iPhoneSimulator.Build.0 = Release|x86
		{FDD11D33-1878-4388-B540-1039C72FF42D}.Release|iPhoneSimulator.Deploy.0 = Release|x86
		{FDD11D33-1878-4388-B540-1039C72FF42D}.Release|x64.ActiveCfg = Release|x64
		{FDD11D33-1878-4388-B540-1039C72FF42D}.Release|x64.Build.0 = Release|x64
		{FDD11D33-1878-4388-B540-1039C72FF42D}.Release|x64.Deploy.0 = Release|x64
		{FDD11D33-1878-4388-B540-1039C72FF42D}.Release|x86.ActiveCfg = Release|x86
		{FDD11D33-1878-4388-B540-1039C72FF42D}.Release|x86.Build.0 = Release|x86
		{FDD11D33-1878-4388-B540-1039C72FF42D}.Release|x86.Deploy.0 = Release|x86
		{4EDD6A8C-C3E7-4EBA-A8F3-863389706634}.Debug|Any CPU.ActiveCfg = Debug|Any CPU
		{4EDD6A8C-C3E7-4EBA-A8F3-863389706634}.Debug|Any CPU.Build.0 = Debug|Any CPU
		{4EDD6A8C-C3E7-4EBA-A8F3-863389706634}.Debug|Any CPU.Deploy.0 = Debug|Any CPU
		{4EDD6A8C-C3E7-4EBA-A8F3-863389706634}.Debug|ARM.ActiveCfg = Debug|Any CPU
		{4EDD6A8C-C3E7-4EBA-A8F3-863389706634}.Debug|ARM.Build.0 = Debug|Any CPU
		{4EDD6A8C-C3E7-4EBA-A8F3-863389706634}.Debug|ARM.Deploy.0 = Debug|Any CPU
		{4EDD6A8C-C3E7-4EBA-A8F3-863389706634}.Debug|iPhone.ActiveCfg = Debug|Any CPU
		{4EDD6A8C-C3E7-4EBA-A8F3-863389706634}.Debug|iPhone.Build.0 = Debug|Any CPU
		{4EDD6A8C-C3E7-4EBA-A8F3-863389706634}.Debug|iPhone.Deploy.0 = Debug|Any CPU
		{4EDD6A8C-C3E7-4EBA-A8F3-863389706634}.Debug|iPhoneSimulator.ActiveCfg = Debug|Any CPU
		{4EDD6A8C-C3E7-4EBA-A8F3-863389706634}.Debug|iPhoneSimulator.Build.0 = Debug|Any CPU
		{4EDD6A8C-C3E7-4EBA-A8F3-863389706634}.Debug|iPhoneSimulator.Deploy.0 = Debug|Any CPU
		{4EDD6A8C-C3E7-4EBA-A8F3-863389706634}.Debug|x64.ActiveCfg = Debug|Any CPU
		{4EDD6A8C-C3E7-4EBA-A8F3-863389706634}.Debug|x64.Build.0 = Debug|Any CPU
		{4EDD6A8C-C3E7-4EBA-A8F3-863389706634}.Debug|x64.Deploy.0 = Debug|Any CPU
		{4EDD6A8C-C3E7-4EBA-A8F3-863389706634}.Debug|x86.ActiveCfg = Debug|Any CPU
		{4EDD6A8C-C3E7-4EBA-A8F3-863389706634}.Debug|x86.Build.0 = Debug|Any CPU
		{4EDD6A8C-C3E7-4EBA-A8F3-863389706634}.Debug|x86.Deploy.0 = Debug|Any CPU
		{4EDD6A8C-C3E7-4EBA-A8F3-863389706634}.Release|Any CPU.ActiveCfg = Release|Any CPU
		{4EDD6A8C-C3E7-4EBA-A8F3-863389706634}.Release|Any CPU.Build.0 = Release|Any CPU
		{4EDD6A8C-C3E7-4EBA-A8F3-863389706634}.Release|Any CPU.Deploy.0 = Release|Any CPU
		{4EDD6A8C-C3E7-4EBA-A8F3-863389706634}.Release|ARM.ActiveCfg = Release|Any CPU
		{4EDD6A8C-C3E7-4EBA-A8F3-863389706634}.Release|ARM.Build.0 = Release|Any CPU
		{4EDD6A8C-C3E7-4EBA-A8F3-863389706634}.Release|ARM.Deploy.0 = Release|Any CPU
		{4EDD6A8C-C3E7-4EBA-A8F3-863389706634}.Release|iPhone.ActiveCfg = Release|Any CPU
		{4EDD6A8C-C3E7-4EBA-A8F3-863389706634}.Release|iPhone.Build.0 = Release|Any CPU
		{4EDD6A8C-C3E7-4EBA-A8F3-863389706634}.Release|iPhone.Deploy.0 = Release|Any CPU
		{4EDD6A8C-C3E7-4EBA-A8F3-863389706634}.Release|iPhoneSimulator.ActiveCfg = Release|Any CPU
		{4EDD6A8C-C3E7-4EBA-A8F3-863389706634}.Release|iPhoneSimulator.Build.0 = Release|Any CPU
		{4EDD6A8C-C3E7-4EBA-A8F3-863389706634}.Release|iPhoneSimulator.Deploy.0 = Release|Any CPU
		{4EDD6A8C-C3E7-4EBA-A8F3-863389706634}.Release|x64.ActiveCfg = Release|Any CPU
		{4EDD6A8C-C3E7-4EBA-A8F3-863389706634}.Release|x64.Build.0 = Release|Any CPU
		{4EDD6A8C-C3E7-4EBA-A8F3-863389706634}.Release|x64.Deploy.0 = Release|Any CPU
		{4EDD6A8C-C3E7-4EBA-A8F3-863389706634}.Release|x86.ActiveCfg = Release|Any CPU
		{4EDD6A8C-C3E7-4EBA-A8F3-863389706634}.Release|x86.Build.0 = Release|Any CPU
		{4EDD6A8C-C3E7-4EBA-A8F3-863389706634}.Release|x86.Deploy.0 = Release|Any CPU
		{C9ABA617-9087-4773-B370-87E24D6F7D20}.Debug|Any CPU.ActiveCfg = Debug|iPhone
		{C9ABA617-9087-4773-B370-87E24D6F7D20}.Debug|Any CPU.Build.0 = Debug|iPhone
		{C9ABA617-9087-4773-B370-87E24D6F7D20}.Debug|Any CPU.Deploy.0 = Debug|iPhone
		{C9ABA617-9087-4773-B370-87E24D6F7D20}.Debug|ARM.ActiveCfg = Debug|iPhone
		{C9ABA617-9087-4773-B370-87E24D6F7D20}.Debug|ARM.Build.0 = Debug|iPhone
		{C9ABA617-9087-4773-B370-87E24D6F7D20}.Debug|ARM.Deploy.0 = Debug|iPhone
		{C9ABA617-9087-4773-B370-87E24D6F7D20}.Debug|iPhone.ActiveCfg = Debug|iPhone
		{C9ABA617-9087-4773-B370-87E24D6F7D20}.Debug|iPhone.Build.0 = Debug|iPhone
		{C9ABA617-9087-4773-B370-87E24D6F7D20}.Debug|iPhone.Deploy.0 = Debug|iPhone
		{C9ABA617-9087-4773-B370-87E24D6F7D20}.Debug|iPhoneSimulator.ActiveCfg = Debug|iPhoneSimulator
		{C9ABA617-9087-4773-B370-87E24D6F7D20}.Debug|iPhoneSimulator.Build.0 = Debug|iPhoneSimulator
		{C9ABA617-9087-4773-B370-87E24D6F7D20}.Debug|iPhoneSimulator.Deploy.0 = Debug|iPhoneSimulator
		{C9ABA617-9087-4773-B370-87E24D6F7D20}.Debug|x64.ActiveCfg = Debug|iPhone
		{C9ABA617-9087-4773-B370-87E24D6F7D20}.Debug|x64.Build.0 = Debug|iPhone
		{C9ABA617-9087-4773-B370-87E24D6F7D20}.Debug|x64.Deploy.0 = Debug|iPhone
		{C9ABA617-9087-4773-B370-87E24D6F7D20}.Debug|x86.ActiveCfg = Debug|iPhone
		{C9ABA617-9087-4773-B370-87E24D6F7D20}.Debug|x86.Build.0 = Debug|iPhone
		{C9ABA617-9087-4773-B370-87E24D6F7D20}.Debug|x86.Deploy.0 = Debug|iPhone
		{C9ABA617-9087-4773-B370-87E24D6F7D20}.Release|Any CPU.ActiveCfg = Release|iPhone
		{C9ABA617-9087-4773-B370-87E24D6F7D20}.Release|Any CPU.Build.0 = Release|iPhone
		{C9ABA617-9087-4773-B370-87E24D6F7D20}.Release|Any CPU.Deploy.0 = Release|iPhone
		{C9ABA617-9087-4773-B370-87E24D6F7D20}.Release|ARM.ActiveCfg = Release|iPhone
		{C9ABA617-9087-4773-B370-87E24D6F7D20}.Release|ARM.Build.0 = Release|iPhone
		{C9ABA617-9087-4773-B370-87E24D6F7D20}.Release|ARM.Deploy.0 = Release|iPhone
		{C9ABA617-9087-4773-B370-87E24D6F7D20}.Release|iPhone.ActiveCfg = Release|iPhone
		{C9ABA617-9087-4773-B370-87E24D6F7D20}.Release|iPhone.Build.0 = Release|iPhone
		{C9ABA617-9087-4773-B370-87E24D6F7D20}.Release|iPhone.Deploy.0 = Release|iPhone
		{C9ABA617-9087-4773-B370-87E24D6F7D20}.Release|iPhoneSimulator.ActiveCfg = Release|iPhoneSimulator
		{C9ABA617-9087-4773-B370-87E24D6F7D20}.Release|iPhoneSimulator.Build.0 = Release|iPhoneSimulator
		{C9ABA617-9087-4773-B370-87E24D6F7D20}.Release|iPhoneSimulator.Deploy.0 = Release|iPhoneSimulator
		{C9ABA617-9087-4773-B370-87E24D6F7D20}.Release|x64.ActiveCfg = Release|iPhone
		{C9ABA617-9087-4773-B370-87E24D6F7D20}.Release|x64.Build.0 = Release|iPhone
		{C9ABA617-9087-4773-B370-87E24D6F7D20}.Release|x64.Deploy.0 = Release|iPhone
		{C9ABA617-9087-4773-B370-87E24D6F7D20}.Release|x86.ActiveCfg = Release|iPhone
		{C9ABA617-9087-4773-B370-87E24D6F7D20}.Release|x86.Build.0 = Release|iPhone
		{C9ABA617-9087-4773-B370-87E24D6F7D20}.Release|x86.Deploy.0 = Release|iPhone
		{3139AFB0-882C-4836-85A5-6F44D07EEE36}.Debug|Any CPU.ActiveCfg = Debug|Any CPU
		{3139AFB0-882C-4836-85A5-6F44D07EEE36}.Debug|Any CPU.Build.0 = Debug|Any CPU
		{3139AFB0-882C-4836-85A5-6F44D07EEE36}.Debug|Any CPU.Deploy.0 = Debug|Any CPU
		{3139AFB0-882C-4836-85A5-6F44D07EEE36}.Debug|ARM.ActiveCfg = Debug|Any CPU
		{3139AFB0-882C-4836-85A5-6F44D07EEE36}.Debug|ARM.Build.0 = Debug|Any CPU
		{3139AFB0-882C-4836-85A5-6F44D07EEE36}.Debug|ARM.Deploy.0 = Debug|Any CPU
		{3139AFB0-882C-4836-85A5-6F44D07EEE36}.Debug|iPhone.ActiveCfg = Debug|Any CPU
		{3139AFB0-882C-4836-85A5-6F44D07EEE36}.Debug|iPhone.Build.0 = Debug|Any CPU
		{3139AFB0-882C-4836-85A5-6F44D07EEE36}.Debug|iPhone.Deploy.0 = Debug|Any CPU
		{3139AFB0-882C-4836-85A5-6F44D07EEE36}.Debug|iPhoneSimulator.ActiveCfg = Debug|Any CPU
		{3139AFB0-882C-4836-85A5-6F44D07EEE36}.Debug|iPhoneSimulator.Build.0 = Debug|Any CPU
		{3139AFB0-882C-4836-85A5-6F44D07EEE36}.Debug|iPhoneSimulator.Deploy.0 = Debug|Any CPU
		{3139AFB0-882C-4836-85A5-6F44D07EEE36}.Debug|x64.ActiveCfg = Debug|Any CPU
		{3139AFB0-882C-4836-85A5-6F44D07EEE36}.Debug|x64.Build.0 = Debug|Any CPU
		{3139AFB0-882C-4836-85A5-6F44D07EEE36}.Debug|x64.Deploy.0 = Debug|Any CPU
		{3139AFB0-882C-4836-85A5-6F44D07EEE36}.Debug|x86.ActiveCfg = Debug|Any CPU
		{3139AFB0-882C-4836-85A5-6F44D07EEE36}.Debug|x86.Build.0 = Debug|Any CPU
		{3139AFB0-882C-4836-85A5-6F44D07EEE36}.Debug|x86.Deploy.0 = Debug|Any CPU
		{3139AFB0-882C-4836-85A5-6F44D07EEE36}.Release|Any CPU.ActiveCfg = Release|Any CPU
		{3139AFB0-882C-4836-85A5-6F44D07EEE36}.Release|Any CPU.Build.0 = Release|Any CPU
		{3139AFB0-882C-4836-85A5-6F44D07EEE36}.Release|Any CPU.Deploy.0 = Release|Any CPU
		{3139AFB0-882C-4836-85A5-6F44D07EEE36}.Release|ARM.ActiveCfg = Release|Any CPU
		{3139AFB0-882C-4836-85A5-6F44D07EEE36}.Release|ARM.Build.0 = Release|Any CPU
		{3139AFB0-882C-4836-85A5-6F44D07EEE36}.Release|ARM.Deploy.0 = Release|Any CPU
		{3139AFB0-882C-4836-85A5-6F44D07EEE36}.Release|iPhone.ActiveCfg = Release|Any CPU
		{3139AFB0-882C-4836-85A5-6F44D07EEE36}.Release|iPhone.Build.0 = Release|Any CPU
		{3139AFB0-882C-4836-85A5-6F44D07EEE36}.Release|iPhone.Deploy.0 = Release|Any CPU
		{3139AFB0-882C-4836-85A5-6F44D07EEE36}.Release|iPhoneSimulator.ActiveCfg = Release|Any CPU
		{3139AFB0-882C-4836-85A5-6F44D07EEE36}.Release|iPhoneSimulator.Build.0 = Release|Any CPU
		{3139AFB0-882C-4836-85A5-6F44D07EEE36}.Release|iPhoneSimulator.Deploy.0 = Release|Any CPU
		{3139AFB0-882C-4836-85A5-6F44D07EEE36}.Release|x64.ActiveCfg = Release|Any CPU
		{3139AFB0-882C-4836-85A5-6F44D07EEE36}.Release|x64.Build.0 = Release|Any CPU
		{3139AFB0-882C-4836-85A5-6F44D07EEE36}.Release|x64.Deploy.0 = Release|Any CPU
		{3139AFB0-882C-4836-85A5-6F44D07EEE36}.Release|x86.ActiveCfg = Release|Any CPU
		{3139AFB0-882C-4836-85A5-6F44D07EEE36}.Release|x86.Build.0 = Release|Any CPU
		{3139AFB0-882C-4836-85A5-6F44D07EEE36}.Release|x86.Deploy.0 = Release|Any CPU
		{0D486B63-F4A6-4B79-A92C-88C17DC1F85D}.Debug|Any CPU.ActiveCfg = Debug|Any CPU
		{0D486B63-F4A6-4B79-A92C-88C17DC1F85D}.Debug|Any CPU.Build.0 = Debug|Any CPU
		{0D486B63-F4A6-4B79-A92C-88C17DC1F85D}.Debug|ARM.ActiveCfg = Debug|Any CPU
		{0D486B63-F4A6-4B79-A92C-88C17DC1F85D}.Debug|ARM.Build.0 = Debug|Any CPU
		{0D486B63-F4A6-4B79-A92C-88C17DC1F85D}.Debug|iPhone.ActiveCfg = Debug|Any CPU
		{0D486B63-F4A6-4B79-A92C-88C17DC1F85D}.Debug|iPhone.Build.0 = Debug|Any CPU
		{0D486B63-F4A6-4B79-A92C-88C17DC1F85D}.Debug|iPhoneSimulator.ActiveCfg = Debug|Any CPU
		{0D486B63-F4A6-4B79-A92C-88C17DC1F85D}.Debug|iPhoneSimulator.Build.0 = Debug|Any CPU
		{0D486B63-F4A6-4B79-A92C-88C17DC1F85D}.Debug|x64.ActiveCfg = Debug|Any CPU
		{0D486B63-F4A6-4B79-A92C-88C17DC1F85D}.Debug|x64.Build.0 = Debug|Any CPU
		{0D486B63-F4A6-4B79-A92C-88C17DC1F85D}.Debug|x86.ActiveCfg = Debug|Any CPU
		{0D486B63-F4A6-4B79-A92C-88C17DC1F85D}.Debug|x86.Build.0 = Debug|Any CPU
		{0D486B63-F4A6-4B79-A92C-88C17DC1F85D}.Release|Any CPU.ActiveCfg = Release|Any CPU
		{0D486B63-F4A6-4B79-A92C-88C17DC1F85D}.Release|Any CPU.Build.0 = Release|Any CPU
		{0D486B63-F4A6-4B79-A92C-88C17DC1F85D}.Release|ARM.ActiveCfg = Release|Any CPU
		{0D486B63-F4A6-4B79-A92C-88C17DC1F85D}.Release|ARM.Build.0 = Release|Any CPU
		{0D486B63-F4A6-4B79-A92C-88C17DC1F85D}.Release|iPhone.ActiveCfg = Release|Any CPU
		{0D486B63-F4A6-4B79-A92C-88C17DC1F85D}.Release|iPhone.Build.0 = Release|Any CPU
		{0D486B63-F4A6-4B79-A92C-88C17DC1F85D}.Release|iPhoneSimulator.ActiveCfg = Release|Any CPU
		{0D486B63-F4A6-4B79-A92C-88C17DC1F85D}.Release|iPhoneSimulator.Build.0 = Release|Any CPU
		{0D486B63-F4A6-4B79-A92C-88C17DC1F85D}.Release|x64.ActiveCfg = Release|Any CPU
		{0D486B63-F4A6-4B79-A92C-88C17DC1F85D}.Release|x64.Build.0 = Release|Any CPU
		{0D486B63-F4A6-4B79-A92C-88C17DC1F85D}.Release|x86.ActiveCfg = Release|Any CPU
		{0D486B63-F4A6-4B79-A92C-88C17DC1F85D}.Release|x86.Build.0 = Release|Any CPU
	EndGlobalSection
	GlobalSection(SolutionProperties) = preSolution
		HideSolutionNode = FALSE
	EndGlobalSection
	GlobalSection(ExtensibilityGlobals) = postSolution
		SolutionGuid = {1F1C3573-9F4B-492E-96D0-60A3B0676F18}
	EndGlobalSection
EndGlobal
